
PODS:
- KissXML (5.0)
- MBProgressHUD (HEAD based on 0.5)
- MKFoundation (0.0.1):
  - KissXML
- MKNetworkKit (HEAD based on 0.85):
  - Reachability (~> 3.0)
- MagicalRecord (HEAD based on 2.0.6)
- OHHTTPStubs (1.0.1)
- Reachability (3.0.0)

DEPENDENCIES:
- MBProgressHUD (HEAD)
- MKFoundation (from `https://raw.github.com/gist/660e130a5f891558506f/bb06f32586ba74f5913fc72fb73bfd89a5bcd03b/gistfile1.txt')
- MKNetworkKit (HEAD)
- MagicalRecord (HEAD)
- OHHTTPStubs

EXTERNAL SOURCES:
  MKFoundation:
    :podspec: https://raw.github.com/gist/660e130a5f891558506f/bb06f32586ba74f5913fc72fb73bfd89a5bcd03b/gistfile1.txt

SPEC CHECKSUMS:
  KissXML: 8dfe0fb6d4e987fec63656ff07d5e697f49976f8
  MBProgressHUD: b23ee11c42253d6d804e8e0bfabdc334e8b2571f
  MKFoundation: 18c372cb2d009f933c88a8dec153887e199589fe
  MKNetworkKit: 300f34b9174c91d0abc6f78f0ceaa7ae9a96e4d1
  MagicalRecord: 85329c97963b5ece0720c4d83ad95698cc36be48
  Reachability: 500bd76bf6cd8ff2c6fb715fc5f44ef6e4c024f2
  OHHTTPStubs: 242a9292bfc8297fbecedb451e512badf285b8be

COCOAPODS: 0.15.1
