
PODS:
- MBProgressHUD (HEAD based on 0.5)
- MKNetworkKit (HEAD based on 0.85):
  - Reachability (~> 3.0)
- MagicalRecord (HEAD based on 2.0.7)
- Reachability (3.0.0)
- SSPullToRefresh (HEAD based on 1.0.1)

DEPENDENCIES:
- MBProgressHUD (HEAD)
- MKNetworkKit (HEAD)
- MagicalRecord (HEAD)
- SSPullToRefresh (HEAD)

SPEC CHECKSUMS:
  MBProgressHUD: b23ee11c42253d6d804e8e0bfabdc334e8b2571f
  MKNetworkKit: 300f34b9174c91d0abc6f78f0ceaa7ae9a96e4d1
  MagicalRecord: f392c9e288e50653b3e7fbb6e797e0eba07344e7
  Reachability: 500bd76bf6cd8ff2c6fb715fc5f44ef6e4c024f2
  SSPullToRefresh: 135162e65f4a5ad008f970b48886572f6f711bba

COCOAPODS: 0.15.1
